
Microsoft Visual Studio Solution File, Format Version 12.00
# Visual Studio 15
VisualStudioVersion = 15.0.27130.2010
MinimumVisualStudioVersion = 10.0.40219.1
Project("{FAE04EC0-301F-11D3-BF4B-00C04F79EFBC}") = "TextReplacer", "TextReplacer\TextReplacer.csproj", "{AD04671C-2743-4EB0-9EDF-BE128D66A9BD}"
EndProject
Global
	GlobalSection(SolutionConfigurationPlatforms) = preSolution
		Debug|Any CPU = Debug|Any CPU
		Release|Any CPU = Release|Any CPU
	EndGlobalSection
	GlobalSection(ProjectConfigurationPlatforms) = postSolution
		{AD04671C-2743-4EB0-9EDF-BE128D66A9BD}.Debug|Any CPU.ActiveCfg = Debug|Any CPU
		{AD04671C-2743-4EB0-9EDF-BE128D66A9BD}.Debug|Any CPU.Build.0 = Debug|Any CPU
		{AD04671C-2743-4EB0-9EDF-BE128D66A9BD}.Release|Any CPU.ActiveCfg = Release|Any CPU
		{AD04671C-2743-4EB0-9EDF-BE128D66A9BD}.Release|Any CPU.Build.0 = Release|Any CPU
	EndGlobalSection
	GlobalSection(SolutionProperties) = preSolution
		HideSolutionNode = FALSE
	EndGlobalSection
	GlobalSection(ExtensibilityGlobals) = postSolution
		SolutionGuid = {26FA311B-851A-4ACD-AC41-FEC78CDF69A7}
	EndGlobalSection
EndGlobal
